<?xml version="1.0" encoding="utf-8"?>
<Project ToolsVersion="4.0" xmlns="http://schemas.microsoft.com/developer/msbuild/2003">
  <ItemGroup>
    <Filter Include="Source Files">
      <UniqueIdentifier>{4FC737F1-C7A5-4376-A066-2A32D752A2FF}</UniqueIdentifier>
      <Extensions>cpp;c;cc;cxx;c++;def;odl;idl;hpj;bat;asm;asmx</Extensions>
    </Filter>
    <Filter Include="Header Files">
      <UniqueIdentifier>{93995380-89BD-4b04-88EB-625FBE52EBFB}</UniqueIdentifier>
      <Extensions>h;hh;hpp;hxx;h++;hm;inl;inc;ipp;xsd</Extensions>
    </Filter>
    <Filter Include="Resource Files">
      <UniqueIdentifier>{67DA6AB6-F800-4c08-8B7A-83BB121AAD01}</UniqueIdentifier>
      <Extensions>rc;ico;cur;bmp;dlg;rc2;rct;bin;rgs;gif;jpg;jpeg;jpe;resx;tiff;tif;png;wav;mfcribbon-ms</Extensions>
    </Filter>
    <Filter Include="Resource Files\Images">
      <UniqueIdentifier>{f6da6e54-8719-4548-8dcb-b84138de6ffd}</UniqueIdentifier>
    </Filter>
    <Filter Include="Resource Files\Shaders">
      <UniqueIdentifier>{9c7b63f2-e2c7-41dc-a03c-57f955c21e5f}</UniqueIdentifier>
    </Filter>
    <Filter Include="Header Files\utils">
      <UniqueIdentifier>{40dc004f-f50c-4e6c-a80f-53975671ef2b}</UniqueIdentifier>
    </Filter>
    <Filter Include="Header Files\utils\view">
      <UniqueIdentifier>{f62e5d9b-00a3-4793-ba51-69caadf77240}</UniqueIdentifier>
    </Filter>
    <Filter Include="Header Files\utils\stb">
      <UniqueIdentifier>{15caa947-926a-4689-9112-9a40d3caab50}</UniqueIdentifier>
    </Filter>
    <Filter Include="Header Files\Scene">
      <UniqueIdentifier>{6ce67751-84b9-436d-9b4a-b296b98fb783}</UniqueIdentifier>
    </Filter>
    <Filter Include="Header Files\Scene\utils">
      <UniqueIdentifier>{6f88f731-3bbe-4845-827e-e727bbf2bb28}</UniqueIdentifier>
    </Filter>
    <Filter Include="Header Files\Scene\Objects">
      <UniqueIdentifier>{daa5dcd0-4bb7-4d45-93fe-3beaeae3397e}</UniqueIdentifier>
    </Filter>
  </ItemGroup>
  <ItemGroup>
    <ClCompile Include="Source\main.cpp">
      <Filter>Source Files</Filter>
    </ClCompile>
  </ItemGroup>
  <ItemGroup>
    <Image Include="Resources\Images\GrassDiffuse.png">
      <Filter>Resource Files\Images</Filter>
    </Image>
    <Image Include="Resources\Images\GrassDistribution.png">
      <Filter>Resource Files\Images</Filter>
    </Image>
    <Image Include="Resources\Images\TerrainDiffuse.png">
      <Filter>Resource Files\Images</Filter>
    </Image>
    <Image Include="Resources\Images\TerrainHeightMap.png">
      <Filter>Resource Files\Images</Filter>
    </Image>
    <Image Include="Resources\Images\WaterDiffuse.png">
      <Filter>Resource Files\Images</Filter>
    </Image>
  </ItemGroup>
  <ItemGroup>
    <ClInclude Include="Headers\Utils\FrameBuffer.h">
      <Filter>Header Files\utils</Filter>
    </ClInclude>
    <ClInclude Include="Headers\Utils\Mesh.h">
      <Filter>Header Files\utils</Filter>
    </ClInclude>
    <ClInclude Include="Headers\Scene\utils\Point.h">
      <Filter>Header Files\Scene\utils</Filter>
    </ClInclude>
    <ClInclude Include="Headers\Scene\utils\Surface.h">
      <Filter>Header Files\Scene\utils</Filter>
    </ClInclude>
    <ClInclude Include="Headers\Scene\utils\Texture.h">
      <Filter>Header Files\Scene\utils</Filter>
    </ClInclude>
    <ClInclude Include="Headers\Scene\utils\Texture_Coordinates.h">
      <Filter>Header Files\Scene\utils</Filter>
    </ClInclude>
    <ClInclude Include="Headers\Scene\utils\Vertex.h">
      <Filter>Header Files\Scene\utils</Filter>
    </ClInclude>
    <ClInclude Include="Headers\Scene\objects\River.h">
      <Filter>Header Files\Scene\Objects</Filter>
    </ClInclude>
    <ClInclude Include="Headers\utils\stb\stb_image.h">
      <Filter>Header Files\utils\stb</Filter>
    </ClInclude>
    <ClInclude Include="Headers\utils\stb\stb_image_write.h">
      <Filter>Header Files\utils\stb</Filter>
    </ClInclude>
    <ClInclude Include="Headers\utils\view\Camera.h">
      <Filter>Header Files\utils\view</Filter>
    </ClInclude>
    <ClInclude Include="Headers\utils\view\Image.h">
      <Filter>Header Files\utils\view</Filter>
    </ClInclude>
    <ClInclude Include="Headers\utils\view\Shader.h">
      <Filter>Header Files\utils\view</Filter>
    </ClInclude>
  </ItemGroup>
</Project>